
Microsoft Visual Studio Solution File, Format Version 12.00
# Visual Studio Version 17
VisualStudioVersion = 17.12.35506.116
MinimumVisualStudioVersion = 10.0.40219.1
Project("{2150E333-8FDC-42A3-9474-1A3956D46DE8}") = "Core", "Core", "{02EA681E-C7D8-13C7-8484-4AC65E1B71E8}"
EndProject
Project("{2150E333-8FDC-42A3-9474-1A3956D46DE8}") = "Application", "Application", "{4C3B98AD-87E6-470D-A648-2CCA575AAB85}"
EndProject
Project("{FAE04EC0-301F-11D3-BF4B-00C04F79EFBC}") = "Application", "Application\Application.csproj", "{0E40B822-6B94-468E-A09C-55452E93EA7E}"
EndProject
Project("{2150E333-8FDC-42A3-9474-1A3956D46DE8}") = "Api", "Api", "{DB31F3F7-B960-4252-86C7-E68858CD7E14}"
EndProject
Project("{2150E333-8FDC-42A3-9474-1A3956D46DE8}") = "Infrastructure", "Infrastructure", "{8607937F-C8DD-4F2A-A515-E9C02C9869BF}"
EndProject
Project("{FAE04EC0-301F-11D3-BF4B-00C04F79EFBC}") = "Infrastructure", "Infrastructure\Infrastructure.csproj", "{F8FF860F-2CE3-41E1-AAC4-E2DE8E4F2AC6}"
EndProject
Project("{FAE04EC0-301F-11D3-BF4B-00C04F79EFBC}") = "Api", "Api\Api.csproj", "{D4D65995-3E66-4AD8-9C3B-AE89375EF5CF}"
EndProject
Project("{2150E333-8FDC-42A3-9474-1A3956D46DE8}") = "Src", "Src", "{094F7D61-A79C-4C59-B1FC-2695E63E977C}"
EndProject
Project("{2150E333-8FDC-42A3-9474-1A3956D46DE8}") = "Domain", "Domain", "{B525A3D7-C40E-466F-A488-FBCDEEA0EEB4}"
EndProject
Project("{FAE04EC0-301F-11D3-BF4B-00C04F79EFBC}") = "Domain", "Domain\Domain.csproj", "{A51C66D0-0822-4AF5-864C-8161EBF3FB2B}"
EndProject
Project("{2150E333-8FDC-42A3-9474-1A3956D46DE8}") = "Elementos de la solución", "Elementos de la solución", "{D107F4C8-89CC-BEA8-D3D7-CA6B7733353D}"
	ProjectSection(SolutionItems) = preProject
		.gitignore = .gitignore
	EndProjectSection
EndProject
Global
	GlobalSection(SolutionConfigurationPlatforms) = preSolution
		Debug|Any CPU = Debug|Any CPU
		Release|Any CPU = Release|Any CPU
	EndGlobalSection
	GlobalSection(ProjectConfigurationPlatforms) = postSolution
		{0E40B822-6B94-468E-A09C-55452E93EA7E}.Debug|Any CPU.ActiveCfg = Debug|Any CPU
		{0E40B822-6B94-468E-A09C-55452E93EA7E}.Debug|Any CPU.Build.0 = Debug|Any CPU
		{0E40B822-6B94-468E-A09C-55452E93EA7E}.Release|Any CPU.ActiveCfg = Release|Any CPU
		{0E40B822-6B94-468E-A09C-55452E93EA7E}.Release|Any CPU.Build.0 = Release|Any CPU
		{F8FF860F-2CE3-41E1-AAC4-E2DE8E4F2AC6}.Debug|Any CPU.ActiveCfg = Debug|Any CPU
		{F8FF860F-2CE3-41E1-AAC4-E2DE8E4F2AC6}.Debug|Any CPU.Build.0 = Debug|Any CPU
		{F8FF860F-2CE3-41E1-AAC4-E2DE8E4F2AC6}.Release|Any CPU.ActiveCfg = Release|Any CPU
		{F8FF860F-2CE3-41E1-AAC4-E2DE8E4F2AC6}.Release|Any CPU.Build.0 = Release|Any CPU
		{D4D65995-3E66-4AD8-9C3B-AE89375EF5CF}.Debug|Any CPU.ActiveCfg = Debug|Any CPU
		{D4D65995-3E66-4AD8-9C3B-AE89375EF5CF}.Debug|Any CPU.Build.0 = Debug|Any CPU
		{D4D65995-3E66-4AD8-9C3B-AE89375EF5CF}.Release|Any CPU.ActiveCfg = Release|Any CPU
		{D4D65995-3E66-4AD8-9C3B-AE89375EF5CF}.Release|Any CPU.Build.0 = Release|Any CPU
		{A51C66D0-0822-4AF5-864C-8161EBF3FB2B}.Debug|Any CPU.ActiveCfg = Debug|Any CPU
		{A51C66D0-0822-4AF5-864C-8161EBF3FB2B}.Debug|Any CPU.Build.0 = Debug|Any CPU
		{A51C66D0-0822-4AF5-864C-8161EBF3FB2B}.Release|Any CPU.ActiveCfg = Release|Any CPU
		{A51C66D0-0822-4AF5-864C-8161EBF3FB2B}.Release|Any CPU.Build.0 = Release|Any CPU
	EndGlobalSection
	GlobalSection(SolutionProperties) = preSolution
		HideSolutionNode = FALSE
	EndGlobalSection
	GlobalSection(NestedProjects) = preSolution
		{02EA681E-C7D8-13C7-8484-4AC65E1B71E8} = {094F7D61-A79C-4C59-B1FC-2695E63E977C}
		{4C3B98AD-87E6-470D-A648-2CCA575AAB85} = {02EA681E-C7D8-13C7-8484-4AC65E1B71E8}
		{0E40B822-6B94-468E-A09C-55452E93EA7E} = {4C3B98AD-87E6-470D-A648-2CCA575AAB85}
		{DB31F3F7-B960-4252-86C7-E68858CD7E14} = {094F7D61-A79C-4C59-B1FC-2695E63E977C}
		{8607937F-C8DD-4F2A-A515-E9C02C9869BF} = {094F7D61-A79C-4C59-B1FC-2695E63E977C}
		{F8FF860F-2CE3-41E1-AAC4-E2DE8E4F2AC6} = {8607937F-C8DD-4F2A-A515-E9C02C9869BF}
		{D4D65995-3E66-4AD8-9C3B-AE89375EF5CF} = {DB31F3F7-B960-4252-86C7-E68858CD7E14}
		{B525A3D7-C40E-466F-A488-FBCDEEA0EEB4} = {02EA681E-C7D8-13C7-8484-4AC65E1B71E8}
		{A51C66D0-0822-4AF5-864C-8161EBF3FB2B} = {B525A3D7-C40E-466F-A488-FBCDEEA0EEB4}
	EndGlobalSection
	GlobalSection(ExtensibilityGlobals) = postSolution
		SolutionGuid = {92EF99D8-163A-4737-B37F-C4870850A8B8}
	EndGlobalSection
EndGlobal
